{
  "name": "gradient-descent",
  "version": "1.0.0",
  "lockfileVersion": 1,
  "requires": true,
  "dependencies": {
    "geotiff": {
      "version": "1.0.0-beta.6",
      "resolved": "https://registry.npmjs.org/geotiff/-/geotiff-1.0.0-beta.6.tgz",
      "integrity": "sha512-xdZ/MLcnrv1+6wQlQZQIs11zNJywylnV1pXqDw7Ao7bmLRpM421a39dXP5e6SG+vio0mnDUZkL2XknKbqppFzw==",
      "requires": {
        "pako": "^1.0.3",
        "xmldom": "0.1.*"
      }
    },
    "pako": {
      "version": "1.0.6",
      "resolved": "https://registry.npmjs.org/pako/-/pako-1.0.6.tgz",
      "integrity": "sha512-lQe48YPsMJAig+yngZ87Lus+NF+3mtu7DVOBu6b/gHO1YpKwIj5AWjZ/TOS7i46HD/UixzWb1zeWDZfGZ3iYcg=="
    },
    "xmldom": {
      "version": "0.1.27",
      "resolved": "https://registry.npmjs.org/xmldom/-/xmldom-0.1.27.tgz",
      "integrity": "sha1-1QH5ezvbQDr4757MIFcxh6rawOk="
    }
  }
}
